{
  "name": "blog-frontend",
  "version": "0.1.0-SNAPSHOT",
  "lockfileVersion": 3,
  "requires": true,
  "packages": {
    "": {
      "name": "blog-frontend",
      "dependencies": {
        "@cljs-oss/module-deps": "^1.0.0"
      }
    },
    "node_modules/@cljs-oss/module-deps": {
      "version": "1.0.0",
      "resolved": "https://registry.npmjs.org/@cljs-oss/module-deps/-/module-deps-1.0.0.tgz",
      "integrity": "sha512-Y7k7xI/142ycQajPh9QSXp1hd1AwZA2u4yQq9WZRRpuQm2pfj+Ke1eHx8TLrjrgvBD3rgm8UFozLMKxnWKXeVQ==",
      "license": "MIT",
      "dependencies": {
        "browser-resolve": "^1.7.0",
        "cached-path-relative": "^1.0.0",
        "concat-stream": "~1.5.0",
        "defined": "^1.0.0",
        "detective": "^4.0.0",
        "duplexer2": "^0.1.2",
        "inherits": "^2.0.1",
        "JSONStream": "^1.0.3",
        "parents": "^1.0.0",
        "readable-stream": "^2.0.2",
        "resolve": "^1.1.3",
        "stream-combiner2": "^1.1.1",
        "subarg": "^1.0.0",
        "through2": "^2.0.0",
        "xtend": "^4.0.0"
      },
      "bin": {
        "module-deps": "bin/cmd.js"
      },
      "engines": {
        "node": ">= 0.6"
      }
    },
    "node_modules/acorn": {
      "version": "5.7.4",
      "resolved": "https://registry.npmjs.org/acorn/-/acorn-5.7.4.tgz",
      "integrity": "sha512-1D++VG7BhrtvQpNbBzovKNc1FLGGEE/oGe7b9xJm/RFHMBeUaUGpluV9RLjZa47YFdPcDAenEYuq9pQPcMdLJg==",
      "license": "MIT",
      "bin": {
        "acorn": "bin/acorn"
      },
      "engines": {
        "node": ">=0.4.0"
      }
    },
    "node_modules/browser-resolve": {
      "version": "1.11.3",
      "resolved": "https://registry.npmjs.org/browser-resolve/-/browser-resolve-1.11.3.tgz",
      "integrity": "sha512-exDi1BYWB/6raKHmDTCicQfTkqwN5fioMFV4j8BsfMU4R2DK/QfZfK7kOVkmWCNANf0snkBzqGqAJBao9gZMdQ==",
      "license": "MIT",
      "dependencies": {
        "resolve": "1.1.7"
      }
    },
    "node_modules/browser-resolve/node_modules/resolve": {
      "version": "1.1.7",
      "resolved": "https://registry.npmjs.org/resolve/-/resolve-1.1.7.tgz",
      "integrity": "sha512-9znBF0vBcaSN3W2j7wKvdERPwqTxSpCq+if5C0WoTCyV9n24rua28jeuQ2pL/HOf+yUe/Mef+H/5p60K0Id3bg==",
      "license": "MIT"
    },
    "node_modules/cached-path-relative": {
      "version": "1.1.0",
      "resolved": "https://registry.npmjs.org/cached-path-relative/-/cached-path-relative-1.1.0.tgz",
      "integrity": "sha512-WF0LihfemtesFcJgO7xfOoOcnWzY/QHR4qeDqV44jPU3HTI54+LnfXK3SA27AVVGCdZFgjjFFaqUA9Jx7dMJZA==",
      "license": "MIT"
    },
    "node_modules/concat-stream": {
      "version": "1.5.2",
      "resolved": "https://registry.npmjs.org/concat-stream/-/concat-stream-1.5.2.tgz",
      "integrity": "sha512-H6xsIBfQ94aESBG8jGHXQ7i5AEpy5ZeVaLDOisDICiTCKpqEfr34/KmTrspKQNoLKNu9gTkovlpQcUi630AKiQ==",
      "engines": [
        "node >= 0.8"
      ],
      "license": "MIT",
      "dependencies": {
        "inherits": "~2.0.1",
        "readable-stream": "~2.0.0",
        "typedarray": "~0.0.5"
      }
    },
    "node_modules/concat-stream/node_modules/process-nextick-args": {
      "version": "1.0.7",
      "resolved": "https://registry.npmjs.org/process-nextick-args/-/process-nextick-args-1.0.7.tgz",
      "integrity": "sha512-yN0WQmuCX63LP/TMvAg31nvT6m4vDqJEiiv2CAZqWOGNWutc9DfDk1NPYYmKUFmaVM2UwDowH4u5AHWYP/jxKw==",
      "license": "MIT"
    },
    "node_modules/concat-stream/node_modules/readable-stream": {
      "version": "2.0.6",
      "resolved": "https://registry.npmjs.org/readable-stream/-/readable-stream-2.0.6.tgz",
      "integrity": "sha512-TXcFfb63BQe1+ySzsHZI/5v1aJPCShfqvWJ64ayNImXMsN1Cd0YGk/wm8KB7/OeessgPc9QvS9Zou8QTkFzsLw==",
      "license": "MIT",
      "dependencies": {
        "core-util-is": "~1.0.0",
        "inherits": "~2.0.1",
        "isarray": "~1.0.0",
        "process-nextick-args": "~1.0.6",
        "string_decoder": "~0.10.x",
        "util-deprecate": "~1.0.1"
      }
    },
    "node_modules/concat-stream/node_modules/string_decoder": {
      "version": "0.10.31",
      "resolved": "https://registry.npmjs.org/string_decoder/-/string_decoder-0.10.31.tgz",
      "integrity": "sha512-ev2QzSzWPYmy9GuqfIVildA4OdcGLeFZQrq5ys6RtiuF+RQQiZWr8TZNyAcuVXyQRYfEO+MsoB/1BuQVhOJuoQ==",
      "license": "MIT"
    },
    "node_modules/core-util-is": {
      "version": "1.0.3",
      "resolved": "https://registry.npmjs.org/core-util-is/-/core-util-is-1.0.3.tgz",
      "integrity": "sha512-ZQBvi1DcpJ4GDqanjucZ2Hj3wEO5pZDS89BWbkcrvdxksJorwUDDZamX9ldFkp9aw2lmBDLgkObEA4DWNJ9FYQ==",
      "license": "MIT"
    },
    "node_modules/defined": {
      "version": "1.0.1",
      "resolved": "https://registry.npmjs.org/defined/-/defined-1.0.1.tgz",
      "integrity": "sha512-hsBd2qSVCRE+5PmNdHt1uzyrFu5d3RwmFDKzyNZMFq/EwDNJF7Ee5+D5oEKF0hU6LhtoUF1macFvOe4AskQC1Q==",
      "license": "MIT",
      "funding": {
        "url": "https://github.com/sponsors/ljharb"
      }
    },
    "node_modules/detective": {
      "version": "4.7.1",
      "resolved": "https://registry.npmjs.org/detective/-/detective-4.7.1.tgz",
      "integrity": "sha512-H6PmeeUcZloWtdt4DAkFyzFL94arpHr3NOwwmVILFiy+9Qd4JTxxXrzfyGk/lmct2qVGBwTSwSXagqu2BxmWig==",
      "license": "MIT",
      "dependencies": {
        "acorn": "^5.2.1",
        "defined": "^1.0.0"
      }
    },
    "node_modules/duplexer2": {
      "version": "0.1.4",
      "resolved": "https://registry.npmjs.org/duplexer2/-/duplexer2-0.1.4.tgz",
      "integrity": "sha512-asLFVfWWtJ90ZyOUHMqk7/S2w2guQKxUI2itj3d92ADHhxUSbCMGi1f1cBcJ7xM1To+pE/Khbwo1yuNbMEPKeA==",
      "license": "BSD-3-Clause",
      "dependencies": {
        "readable-stream": "^2.0.2"
      }
    },
    "node_modules/function-bind": {
      "version": "1.1.2",
      "resolved": "https://registry.npmjs.org/function-bind/-/function-bind-1.1.2.tgz",
      "integrity": "sha512-7XHNxH7qX9xG5mIwxkhumTox/MIRNcOgDrxWsMt2pAr23WHp6MrRlN7FBSFpCpr+oVO0F744iUgR82nJMfG2SA==",
      "license": "MIT",
      "funding": {
        "url": "https://github.com/sponsors/ljharb"
      }
    },
    "node_modules/hasown": {
      "version": "2.0.2",
      "resolved": "https://registry.npmjs.org/hasown/-/hasown-2.0.2.tgz",
      "integrity": "sha512-0hJU9SCPvmMzIBdZFqNPXWa6dqh7WdH0cII9y+CyS8rG3nL48Bclra9HmKhVVUHyPWNH5Y7xDwAB7bfgSjkUMQ==",
      "license": "MIT",
      "dependencies": {
        "function-bind": "^1.1.2"
      },
      "engines": {
        "node": ">= 0.4"
      }
    },
    "node_modules/inherits": {
      "version": "2.0.4",
      "resolved": "https://registry.npmjs.org/inherits/-/inherits-2.0.4.tgz",
      "integrity": "sha512-k/vGaX4/Yla3WzyMCvTQOXYeIHvqOKtnqBduzTHpzpQZzAskKMhZ2K+EnBiSM9zGSoIFeMpXKxa4dYeZIQqewQ==",
      "license": "ISC"
    },
    "node_modules/is-core-module": {
      "version": "2.16.1",
      "resolved": "https://registry.npmjs.org/is-core-module/-/is-core-module-2.16.1.tgz",
      "integrity": "sha512-UfoeMA6fIJ8wTYFEUjelnaGI67v6+N7qXJEvQuIGa99l4xsCruSYOVSQ0uPANn4dAzm8lkYPaKLrrijLq7x23w==",
      "license": "MIT",
      "dependencies": {
        "hasown": "^2.0.2"
      },
      "engines": {
        "node": ">= 0.4"
      },
      "funding": {
        "url": "https://github.com/sponsors/ljharb"
      }
    },
    "node_modules/isarray": {
      "version": "1.0.0",
      "resolved": "https://registry.npmjs.org/isarray/-/isarray-1.0.0.tgz",
      "integrity": "sha512-VLghIWNM6ELQzo7zwmcg0NmTVyWKYjvIeM83yjp0wRDTmUnrM678fQbcKBo6n2CJEF0szoG//ytg+TKla89ALQ==",
      "license": "MIT"
    },
    "node_modules/jsonparse": {
      "version": "1.3.1",
      "resolved": "https://registry.npmjs.org/jsonparse/-/jsonparse-1.3.1.tgz",
      "integrity": "sha512-POQXvpdL69+CluYsillJ7SUhKvytYjW9vG/GKpnf+xP8UWgYEM/RaMzHHofbALDiKbbP1W8UEYmgGl39WkPZsg==",
      "engines": [
        "node >= 0.2.0"
      ],
      "license": "MIT"
    },
    "node_modules/JSONStream": {
      "version": "1.3.5",
      "resolved": "https://registry.npmjs.org/JSONStream/-/JSONStream-1.3.5.tgz",
      "integrity": "sha512-E+iruNOY8VV9s4JEbe1aNEm6MiszPRr/UfcHMz0TQh1BXSxHK+ASV1R6W4HpjBhSeS+54PIsAMCBmwD06LLsqQ==",
      "license": "(MIT OR Apache-2.0)",
      "dependencies": {
        "jsonparse": "^1.2.0",
        "through": ">=2.2.7 <3"
      },
      "bin": {
        "JSONStream": "bin.js"
      },
      "engines": {
        "node": "*"
      }
    },
    "node_modules/minimist": {
      "version": "1.2.8",
      "resolved": "https://registry.npmjs.org/minimist/-/minimist-1.2.8.tgz",
      "integrity": "sha512-2yyAR8qBkN3YuheJanUpWC5U3bb5osDywNB8RzDVlDwDHbocAJveqqj1u8+SVD7jkWT4yvsHCpWqqWqAxb0zCA==",
      "license": "MIT",
      "funding": {
        "url": "https://github.com/sponsors/ljharb"
      }
    },
    "node_modules/parents": {
      "version": "1.0.1",
      "resolved": "https://registry.npmjs.org/parents/-/parents-1.0.1.tgz",
      "integrity": "sha512-mXKF3xkoUt5td2DoxpLmtOmZvko9VfFpwRwkKDHSNvgmpLAeBo18YDhcPbBzJq+QLCHMbGOfzia2cX4U+0v9Mg==",
      "license": "MIT",
      "dependencies": {
        "path-platform": "~0.11.15"
      }
    },
    "node_modules/path-parse": {
      "version": "1.0.7",
      "resolved": "https://registry.npmjs.org/path-parse/-/path-parse-1.0.7.tgz",
      "integrity": "sha512-LDJzPVEEEPR+y48z93A0Ed0yXb8pAByGWo/k5YYdYgpY2/2EsOsksJrq7lOHxryrVOn1ejG6oAp8ahvOIQD8sw==",
      "license": "MIT"
    },
    "node_modules/path-platform": {
      "version": "0.11.15",
      "resolved": "https://registry.npmjs.org/path-platform/-/path-platform-0.11.15.tgz",
      "integrity": "sha512-Y30dB6rab1A/nfEKsZxmr01nUotHX0c/ZiIAsCTatEe1CmS5Pm5He7fZ195bPT7RdquoaL8lLxFCMQi/bS7IJg==",
      "license": "MIT",
      "engines": {
        "node": ">= 0.8.0"
      }
    },
    "node_modules/process-nextick-args": {
      "version": "2.0.1",
      "resolved": "https://registry.npmjs.org/process-nextick-args/-/process-nextick-args-2.0.1.tgz",
      "integrity": "sha512-3ouUOpQhtgrbOa17J7+uxOTpITYWaGP7/AhoR3+A+/1e9skrzelGi/dXzEYyvbxubEF6Wn2ypscTKiKJFFn1ag==",
      "license": "MIT"
    },
    "node_modules/readable-stream": {
      "version": "2.3.8",
      "resolved": "https://registry.npmjs.org/readable-stream/-/readable-stream-2.3.8.tgz",
      "integrity": "sha512-8p0AUk4XODgIewSi0l8Epjs+EVnWiK7NoDIEGU0HhE7+ZyY8D1IMY7odu5lRrFXGg71L15KG8QrPmum45RTtdA==",
      "license": "MIT",
      "dependencies": {
        "core-util-is": "~1.0.0",
        "inherits": "~2.0.3",
        "isarray": "~1.0.0",
        "process-nextick-args": "~2.0.0",
        "safe-buffer": "~5.1.1",
        "string_decoder": "~1.1.1",
        "util-deprecate": "~1.0.1"
      }
    },
    "node_modules/resolve": {
      "version": "1.22.10",
      "resolved": "https://registry.npmjs.org/resolve/-/resolve-1.22.10.tgz",
      "integrity": "sha512-NPRy+/ncIMeDlTAsuqwKIiferiawhefFJtkNSW0qZJEqMEb+qBt/77B/jGeeek+F0uOeN05CDa6HXbbIgtVX4w==",
      "license": "MIT",
      "dependencies": {
        "is-core-module": "^2.16.0",
        "path-parse": "^1.0.7",
        "supports-preserve-symlinks-flag": "^1.0.0"
      },
      "bin": {
        "resolve": "bin/resolve"
      },
      "engines": {
        "node": ">= 0.4"
      },
      "funding": {
        "url": "https://github.com/sponsors/ljharb"
      }
    },
    "node_modules/safe-buffer": {
      "version": "5.1.2",
      "resolved": "https://registry.npmjs.org/safe-buffer/-/safe-buffer-5.1.2.tgz",
      "integrity": "sha512-Gd2UZBJDkXlY7GbJxfsE8/nvKkUEU1G38c1siN6QP6a9PT9MmHB8GnpscSmMJSoF8LOIrt8ud/wPtojys4G6+g==",
      "license": "MIT"
    },
    "node_modules/stream-combiner2": {
      "version": "1.1.1",
      "resolved": "https://registry.npmjs.org/stream-combiner2/-/stream-combiner2-1.1.1.tgz",
      "integrity": "sha512-3PnJbYgS56AeWgtKF5jtJRT6uFJe56Z0Hc5Ngg/6sI6rIt8iiMBTa9cvdyFfpMQjaVHr8dusbNeFGIIonxOvKw==",
      "license": "MIT",
      "dependencies": {
        "duplexer2": "~0.1.0",
        "readable-stream": "^2.0.2"
      }
    },
    "node_modules/string_decoder": {
      "version": "1.1.1",
      "resolved": "https://registry.npmjs.org/string_decoder/-/string_decoder-1.1.1.tgz",
      "integrity": "sha512-n/ShnvDi6FHbbVfviro+WojiFzv+s8MPMHBczVePfUpDJLwoLT0ht1l4YwBCbi8pJAveEEdnkHyPyTP/mzRfwg==",
      "license": "MIT",
      "dependencies": {
        "safe-buffer": "~5.1.0"
      }
    },
    "node_modules/subarg": {
      "version": "1.0.0",
      "resolved": "https://registry.npmjs.org/subarg/-/subarg-1.0.0.tgz",
      "integrity": "sha512-RIrIdRY0X1xojthNcVtgT9sjpOGagEUKpZdgBUi054OEPFo282yg+zE+t1Rj3+RqKq2xStL7uUHhY+AjbC4BXg==",
      "license": "MIT",
      "dependencies": {
        "minimist": "^1.1.0"
      }
    },
    "node_modules/supports-preserve-symlinks-flag": {
      "version": "1.0.0",
      "resolved": "https://registry.npmjs.org/supports-preserve-symlinks-flag/-/supports-preserve-symlinks-flag-1.0.0.tgz",
      "integrity": "sha512-ot0WnXS9fgdkgIcePe6RHNk1WA8+muPa6cSjeR3V8K27q9BB1rTE3R1p7Hv0z1ZyAc8s6Vvv8DIyWf681MAt0w==",
      "license": "MIT",
      "engines": {
        "node": ">= 0.4"
      },
      "funding": {
        "url": "https://github.com/sponsors/ljharb"
      }
    },
    "node_modules/through": {
      "version": "2.3.8",
      "resolved": "https://registry.npmjs.org/through/-/through-2.3.8.tgz",
      "integrity": "sha512-w89qg7PI8wAdvX60bMDP+bFoD5Dvhm9oLheFp5O4a2QF0cSBGsBX4qZmadPMvVqlLJBBci+WqGGOAPvcDeNSVg==",
      "license": "MIT"
    },
    "node_modules/through2": {
      "version": "2.0.5",
      "resolved": "https://registry.npmjs.org/through2/-/through2-2.0.5.tgz",
      "integrity": "sha512-/mrRod8xqpA+IHSLyGCQ2s8SPHiCDEeQJSep1jqLYeEUClOFG2Qsh+4FU6G9VeqpZnGW/Su8LQGc4YKni5rYSQ==",
      "license": "MIT",
      "dependencies": {
        "readable-stream": "~2.3.6",
        "xtend": "~4.0.1"
      }
    },
    "node_modules/typedarray": {
      "version": "0.0.7",
      "resolved": "https://registry.npmjs.org/typedarray/-/typedarray-0.0.7.tgz",
      "integrity": "sha512-ueeb9YybpjhivjbHP2LdFDAjbS948fGEPj+ACAMs4xCMmh72OCOMQWBQKlaN4ZNQ04yfLSDLSx1tGRIoWimObQ==",
      "license": "MIT",
      "funding": {
        "url": "https://github.com/sponsors/ljharb"
      }
    },
    "node_modules/util-deprecate": {
      "version": "1.0.2",
      "resolved": "https://registry.npmjs.org/util-deprecate/-/util-deprecate-1.0.2.tgz",
      "integrity": "sha512-EPD5q1uXyFxJpCrLnCc1nHnq3gOa6DZBocAIiI2TaSCA7VCJ1UJDMagCzIkXNsUYfD1daK//LTEQ8xiIbrHtcw==",
      "license": "MIT"
    },
    "node_modules/xtend": {
      "version": "4.0.2",
      "resolved": "https://registry.npmjs.org/xtend/-/xtend-4.0.2.tgz",
      "integrity": "sha512-LKYU1iAXJXUgAXn9URjiu+MWhyUXHsvfp7mcuYm9dSUKK0/CjtrUwFAxD82/mCWbtLsGjFIad0wIsod4zrTAEQ==",
      "license": "MIT",
      "engines": {
        "node": ">=0.4"
      }
    }
  }
}
